{
  "name": "issue-health",
  "version": "0.0.0",
  "lockfileVersion": 1,
  "requires": true,
  "dependencies": {
    "@babel/code-frame": {
      "version": "7.8.3",
      "resolved": "https://packages.atlassian.com/api/npm/npm-remote/@babel/code-frame/-/code-frame-7.8.3.tgz",
      "integrity": "sha1-M+JZA9dIEYFTThLsCiXxa2/PQZ4=",
      "dev": true,
      "requires": {
        "@babel/highlight": "^7.8.3"
      }
    },
    "@babel/highlight": {
      "version": "7.8.3",
      "resolved": "https://packages.atlassian.com/api/npm/npm-remote/@babel/highlight/-/highlight-7.8.3.tgz",
      "integrity": "sha1-KPFz0EIj6qpZvB1Dmjg25tEmV5c=",
      "dev": true,
      "requires": {
        "chalk": "^2.0.0",
        "esutils": "^2.0.2",
        "js-tokens": "^4.0.0"
      }
    },
    "@forge/api": {
      "version": "2.6.0",
      "resolved": "https://packages.atlassian.com/api/npm/npm-remote/@forge/api/-/api-2.6.0.tgz",
      "integrity": "sha512-71mYOEThZ67uPtYn6EUSgqNOWm/hcEJNCbW6iVLQxvY1fh4KHGcPHf/RDP8+9+pJ49+NzZAWv3nAiv9VcQENuQ==",
      "requires": {
        "@forge/auth": "^0.0.1",
        "@forge/storage": "^1.1.0",
        "@types/node-fetch": "^2.5.7",
        "node-fetch": "^2.6.1"
      }
    },
    "@forge/auth": {
      "version": "0.0.1",
      "resolved": "https://packages.atlassian.com/api/npm/npm-remote/@forge/auth/-/auth-0.0.1.tgz",
      "integrity": "sha512-twZjWbIk+PrW2XzrUfVCzYhh1qe5igS4h9NpapZLHNm2CaCi1gjh8klVcGJijcYJWT1Sj6Qr9gBUtkZjCinJXw==",
      "requires": {
        "tslib": "^1.11.0"
      }
    },
    "@forge/storage": {
      "version": "1.1.0",
      "resolved": "https://packages.atlassian.com/api/npm/npm-remote/@forge/storage/-/storage-1.1.0.tgz",
      "integrity": "sha512-owRMWcw/ky7gZBJ/n8iyI33hQWnXoU1UEZ2KK39ArNeV2EF5+lnQXSHTFkF5Z+FIDCkSJ7+3tdOtcerHh+k6bQ=="
    },
    "@forge/ui": {
      "version": "1.0.0",
      "resolved": "https://packages.atlassian.com/api/npm/npm-remote/@forge/ui/-/ui-1.0.0.tgz",
      "integrity": "sha512-ggD3Hm6HTYStLB/F9yLyg5TUfWRAM7uhxflgIRg3ePkVwt2SguTzBfnsi3HoD6KEKffGhZ0aVse4JoVyMtGJqg==",
      "requires": {
        "fast-json-stable-stringify": "^2.1.0",
        "sha.js": "^2.4.11",
        "tslib": "^1.11.0"
      }
    },
    "@types/color-name": {
      "version": "1.1.1",
      "resolved": "https://packages.atlassian.com/api/npm/npm-remote/@types/color-name/-/color-name-1.1.1.tgz",
      "integrity": "sha1-HBJhu+qhCoBVu8XYq4S3sq/IRqA=",
      "dev": true
    },
    "@types/node": {
      "version": "17.0.19",
      "resolved": "https://packages.atlassian.com/api/npm/npm-remote/@types/node/-/node-17.0.19.tgz",
      "integrity": "sha512-PfeQhvcMR4cPFVuYfBN4ifG7p9c+Dlh3yUZR6k+5yQK7wX3gDgVxBly4/WkBRs9x4dmcy1TVl08SY67wwtEvmA=="
    },
    "@types/node-fetch": {
      "version": "2.6.1",
      "resolved": "https://packages.atlassian.com/api/npm/npm-remote/@types/node-fetch/-/node-fetch-2.6.1.tgz",
      "integrity": "sha512-oMqjURCaxoSIsHSr1E47QHzbmzNR5rK8McHuNb11BOM9cHcIK3Avy0s/b2JlXHoQGTYS3NsvWzV1M0iK7l0wbA==",
      "requires": {
        "@types/node": "*",
        "form-data": "^3.0.0"
      }
    },
    "acorn": {
      "version": "7.1.1",
      "resolved": "https://packages.atlassian.com/api/npm/npm-remote/acorn/-/acorn-7.1.1.tgz",
      "integrity": "sha1-41Zo3gtALzWd5RXFSCoaufiaab8=",
      "dev": true
    },
    "acorn-jsx": {
      "version": "5.2.0",
      "resolved": "https://packages.atlassian.com/api/npm/npm-remote/acorn-jsx/-/acorn-jsx-5.2.0.tgz",
      "integrity": "sha1-TGYGkXPW/daO2FI5/CViJhgrLr4=",
      "dev": true
    },
    "ajv": {
      "version": "6.12.0",
      "resolved": "https://packages.atlassian.com/api/npm/npm-remote/ajv/-/ajv-6.12.0.tgz",
      "integrity": "sha1-BtYLlth7hFSlrauobnhU2mKdtLc=",
      "dev": true,
      "requires": {
        "fast-deep-equal": "^3.1.1",
        "fast-json-stable-stringify": "^2.0.0",
        "json-schema-traverse": "^0.4.1",
        "uri-js": "^4.2.2"
      }
    },
    "ansi-escapes": {
      "version": "4.3.1",
      "resolved": "https://packages.atlassian.com/api/npm/npm-remote/ansi-escapes/-/ansi-escapes-4.3.1.tgz",
      "integrity": "sha1-pcR8xDGB8fOP/XB2g3cA05VSKmE=",
      "dev": true,
      "requires": {
        "type-fest": "^0.11.0"
      },
      "dependencies": {
        "type-fest": {
          "version": "0.11.0",
          "resolved": "https://packages.atlassian.com/api/npm/npm-remote/type-fest/-/type-fest-0.11.0.tgz",
          "integrity": "sha1-l6vwhyMQ/tiKXEZrJWgVdhReM/E=",
          "dev": true
        }
      }
    },
    "ansi-styles": {
      "version": "3.2.1",
      "resolved": "https://packages.atlassian.com/api/npm/npm-remote/ansi-styles/-/ansi-styles-3.2.1.tgz",
      "integrity": "sha1-QfuyAkPlCxK+DwS43tvwdSDOhB0=",
      "dev": true,
      "requires": {
        "color-convert": "^1.9.0"
      }
    },
    "argparse": {
      "version": "1.0.10",
      "resolved": "https://packages.atlassian.com/api/npm/npm-remote/argparse/-/argparse-1.0.10.tgz",
      "integrity": "sha1-vNZ5HqWuCXJeF+WtmIE0zUCz2RE=",
      "dev": true,
      "requires": {
        "sprintf-js": "~1.0.2"
      }
    },
    "astral-regex": {
      "version": "1.0.0",
      "resolved": "https://packages.atlassian.com/api/npm/npm-remote/astral-regex/-/astral-regex-1.0.0.tgz",
      "integrity": "sha1-bIw/uCfdQ+45GPJ7gngqt2WKb9k=",
      "dev": true
    },
    "asynckit": {
      "version": "0.4.0",
      "resolved": "https://packages.atlassian.com/api/npm/npm-remote/asynckit/-/asynckit-0.4.0.tgz",
      "integrity": "sha1-x57Zf380y48robyXkLzDZkdLS3k="
    },
    "balanced-match": {
      "version": "1.0.0",
      "resolved": "https://packages.atlassian.com/api/npm/npm-remote/balanced-match/-/balanced-match-1.0.0.tgz",
      "integrity": "sha1-ibTRmasr7kneFk6gK4nORi1xt2c=",
      "dev": true
    },
    "brace-expansion": {
      "version": "1.1.11",
      "resolved": "https://packages.atlassian.com/api/npm/npm-remote/brace-expansion/-/brace-expansion-1.1.11.tgz",
      "integrity": "sha1-PH/L9SnYcibz0vUrlm/1Jx60Qd0=",
      "dev": true,
      "requires": {
        "balanced-match": "^1.0.0",
        "concat-map": "0.0.1"
      }
    },
    "callsites": {
      "version": "3.1.0",
      "resolved": "https://packages.atlassian.com/api/npm/npm-remote/callsites/-/callsites-3.1.0.tgz",
      "integrity": "sha1-s2MKvYlDQy9Us/BRkjjjPNffL3M=",
      "dev": true
    },
    "chalk": {
      "version": "2.4.2",
      "resolved": "https://packages.atlassian.com/api/npm/npm-remote/chalk/-/chalk-2.4.2.tgz",
      "integrity": "sha1-zUJUFnelQzPPVBpJEIwUMrRMlCQ=",
      "dev": true,
      "requires": {
        "ansi-styles": "^3.2.1",
        "escape-string-regexp": "^1.0.5",
        "supports-color": "^5.3.0"
      }
    },
    "chardet": {
      "version": "0.7.0",
      "resolved": "https://packages.atlassian.com/api/npm/npm-remote/chardet/-/chardet-0.7.0.tgz",
      "integrity": "sha1-kAlISfCTfy7twkJdDSip5fDLrZ4=",
      "dev": true
    },
    "cli-cursor": {
      "version": "3.1.0",
      "resolved": "https://packages.atlassian.com/api/npm/npm-remote/cli-cursor/-/cli-cursor-3.1.0.tgz",
      "integrity": "sha1-JkMFp65JDR0Dvwybp8kl0XU68wc=",
      "dev": true,
      "requires": {
        "restore-cursor": "^3.1.0"
      }
    },
    "cli-width": {
      "version": "2.2.0",
      "resolved": "https://packages.atlassian.com/api/npm/npm-remote/cli-width/-/cli-width-2.2.0.tgz",
      "integrity": "sha1-/xnt6Kml5XkyQUewwR8PvLq+1jk=",
      "dev": true
    },
    "color-convert": {
      "version": "1.9.3",
      "resolved": "https://packages.atlassian.com/api/npm/npm-remote/color-convert/-/color-convert-1.9.3.tgz",
      "integrity": "sha1-u3GFBpDh8TZWfeYp0tVHHe2kweg=",
      "dev": true,
      "requires": {
        "color-name": "1.1.3"
      }
    },
    "color-name": {
      "version": "1.1.3",
      "resolved": "https://packages.atlassian.com/api/npm/npm-remote/color-name/-/color-name-1.1.3.tgz",
      "integrity": "sha1-p9BVi9icQveV3UIyj3QIMcpTvCU=",
      "dev": true
    },
    "combined-stream": {
      "version": "1.0.8",
      "resolved": "https://packages.atlassian.com/api/npm/npm-remote/combined-stream/-/combined-stream-1.0.8.tgz",
      "integrity": "sha512-FQN4MRfuJeHf7cBbBMJFXhKSDq+2kAArBlmRBvcvFE5BB1HZKXtSFASDhdlz9zOYwxh8lDdnvmMOe/+5cdoEdg==",
      "requires": {
        "delayed-stream": "~1.0.0"
      }
    },
    "concat-map": {
      "version": "0.0.1",
      "resolved": "https://packages.atlassian.com/api/npm/npm-remote/concat-map/-/concat-map-0.0.1.tgz",
      "integrity": "sha1-2Klr13/Wjfd5OnMDajug1UBdR3s=",
      "dev": true
    },
    "cross-spawn": {
      "version": "6.0.5",
      "resolved": "https://packages.atlassian.com/api/npm/npm-remote/cross-spawn/-/cross-spawn-6.0.5.tgz",
      "integrity": "sha1-Sl7Hxk364iw6FBJNus3uhG2Ay8Q=",
      "dev": true,
      "requires": {
        "nice-try": "^1.0.4",
        "path-key": "^2.0.1",
        "semver": "^5.5.0",
        "shebang-command": "^1.2.0",
        "which": "^1.2.9"
      }
    },
    "date-fns": {
      "version": "2.10.0",
      "resolved": "https://packages.atlassian.com/api/npm/npm-remote/date-fns/-/date-fns-2.10.0.tgz",
      "integrity": "sha1-q9EGBNi6+wvL0roumwVjuSKuS2s="
    },
    "debug": {
      "version": "4.1.1",
      "resolved": "https://packages.atlassian.com/api/npm/npm-remote/debug/-/debug-4.1.1.tgz",
      "integrity": "sha1-O3ImAlUQnGtYnO4FDx1RYTlmR5E=",
      "dev": true,
      "requires": {
        "ms": "^2.1.1"
      }
    },
    "deep-is": {
      "version": "0.1.3",
      "resolved": "https://packages.atlassian.com/api/npm/npm-remote/deep-is/-/deep-is-0.1.3.tgz",
      "integrity": "sha1-s2nW+128E+7PUk+RsHD+7cNXzzQ=",
      "dev": true
    },
    "delayed-stream": {
      "version": "1.0.0",
      "resolved": "https://packages.atlassian.com/api/npm/npm-remote/delayed-stream/-/delayed-stream-1.0.0.tgz",
      "integrity": "sha1-3zrhmayt+31ECqrgsp4icrJOxhk="
    },
    "doctrine": {
      "version": "3.0.0",
      "resolved": "https://packages.atlassian.com/api/npm/npm-remote/doctrine/-/doctrine-3.0.0.tgz",
      "integrity": "sha1-rd6+rXKmV023g2OdyHoSF3OXOWE=",
      "dev": true,
      "requires": {
        "esutils": "^2.0.2"
      }
    },
    "emoji-regex": {
      "version": "8.0.0",
      "resolved": "https://packages.atlassian.com/api/npm/npm-remote/emoji-regex/-/emoji-regex-8.0.0.tgz",
      "integrity": "sha1-6Bj9ac5cz8tARZT4QpY79TFkzDc=",
      "dev": true
    },
    "escape-string-regexp": {
      "version": "1.0.5",
      "resolved": "https://packages.atlassian.com/api/npm/npm-remote/escape-string-regexp/-/escape-string-regexp-1.0.5.tgz",
      "integrity": "sha1-G2HAViGQqN/2rjuyzwIAyhMLhtQ=",
      "dev": true
    },
    "eslint": {
      "version": "6.8.0",
      "resolved": "https://packages.atlassian.com/api/npm/npm-remote/eslint/-/eslint-6.8.0.tgz",
      "integrity": "sha1-YiYtZylzn5J1cjgkMC+yJ8jJP/s=",
      "dev": true,
      "requires": {
        "@babel/code-frame": "^7.0.0",
        "ajv": "^6.10.0",
        "chalk": "^2.1.0",
        "cross-spawn": "^6.0.5",
        "debug": "^4.0.1",
        "doctrine": "^3.0.0",
        "eslint-scope": "^5.0.0",
        "eslint-utils": "^1.4.3",
        "eslint-visitor-keys": "^1.1.0",
        "espree": "^6.1.2",
        "esquery": "^1.0.1",
        "esutils": "^2.0.2",
        "file-entry-cache": "^5.0.1",
        "functional-red-black-tree": "^1.0.1",
        "glob-parent": "^5.0.0",
        "globals": "^12.1.0",
        "ignore": "^4.0.6",
        "import-fresh": "^3.0.0",
        "imurmurhash": "^0.1.4",
        "inquirer": "^7.0.0",
        "is-glob": "^4.0.0",
        "js-yaml": "^3.13.1",
        "json-stable-stringify-without-jsonify": "^1.0.1",
        "levn": "^0.3.0",
        "lodash": "^4.17.14",
        "minimatch": "^3.0.4",
        "mkdirp": "^0.5.1",
        "natural-compare": "^1.4.0",
        "optionator": "^0.8.3",
        "progress": "^2.0.0",
        "regexpp": "^2.0.1",
        "semver": "^6.1.2",
        "strip-ansi": "^5.2.0",
        "strip-json-comments": "^3.0.1",
        "table": "^5.2.3",
        "text-table": "^0.2.0",
        "v8-compile-cache": "^2.0.3"
      },
      "dependencies": {
        "ansi-regex": {
          "version": "4.1.0",
          "resolved": "https://packages.atlassian.com/api/npm/npm-remote/ansi-regex/-/ansi-regex-4.1.0.tgz",
          "integrity": "sha1-i5+PCM8ay4Q3Vqg5yox+MWjFGZc=",
          "dev": true
        },
        "semver": {
          "version": "6.3.0",
          "resolved": "https://packages.atlassian.com/api/npm/npm-remote/semver/-/semver-6.3.0.tgz",
          "integrity": "sha1-7gpkyK9ejO6mdoexM3YeG+y9HT0=",
          "dev": true
        },
        "strip-ansi": {
          "version": "5.2.0",
          "resolved": "https://packages.atlassian.com/api/npm/npm-remote/strip-ansi/-/strip-ansi-5.2.0.tgz",
          "integrity": "sha1-jJpTb+tq/JYr36WxBKUJHBrZwK4=",
          "dev": true,
          "requires": {
            "ansi-regex": "^4.1.0"
          }
        },
        "strip-json-comments": {
          "version": "3.0.1",
          "resolved": "https://packages.atlassian.com/api/npm/npm-remote/strip-json-comments/-/strip-json-comments-3.0.1.tgz",
          "integrity": "sha1-hXE5dakfuHvxswXMp3OV5A0qZKc=",
          "dev": true
        }
      }
    },
    "eslint-plugin-react-hooks": {
      "version": "2.5.0",
      "resolved": "https://packages.atlassian.com/api/npm/npm-remote/eslint-plugin-react-hooks/-/eslint-plugin-react-hooks-2.5.0.tgz",
      "integrity": "sha1-xQq3yllFzm0c+CSNnhhcgLVBcbY=",
      "dev": true
    },
    "eslint-scope": {
      "version": "5.0.0",
      "resolved": "https://packages.atlassian.com/api/npm/npm-remote/eslint-scope/-/eslint-scope-5.0.0.tgz",
      "integrity": "sha1-6HyIh8c+jR7ITxylkWRcNYv8j7k=",
      "dev": true,
      "requires": {
        "esrecurse": "^4.1.0",
        "estraverse": "^4.1.1"
      }
    },
    "eslint-utils": {
      "version": "1.4.3",
      "resolved": "https://packages.atlassian.com/api/npm/npm-remote/eslint-utils/-/eslint-utils-1.4.3.tgz",
      "integrity": "sha1-dP7HxU0Hdrb2fgJRBAtYBlZOmB8=",
      "dev": true,
      "requires": {
        "eslint-visitor-keys": "^1.1.0"
      }
    },
    "eslint-visitor-keys": {
      "version": "1.1.0",
      "resolved": "https://packages.atlassian.com/api/npm/npm-remote/eslint-visitor-keys/-/eslint-visitor-keys-1.1.0.tgz",
      "integrity": "sha1-4qgs6oT/JGrW+1f5veW0ZiFFnsI=",
      "dev": true
    },
    "espree": {
      "version": "6.2.1",
      "resolved": "https://packages.atlassian.com/api/npm/npm-remote/espree/-/espree-6.2.1.tgz",
      "integrity": "sha1-d/xy4f10SiBSwg84pbV1gy6Cc0o=",
      "dev": true,
      "requires": {
        "acorn": "^7.1.1",
        "acorn-jsx": "^5.2.0",
        "eslint-visitor-keys": "^1.1.0"
      }
    },
    "esprima": {
      "version": "4.0.1",
      "resolved": "https://packages.atlassian.com/api/npm/npm-remote/esprima/-/esprima-4.0.1.tgz",
      "integrity": "sha1-E7BM2z5sXRnfkatph6hpVhmwqnE=",
      "dev": true
    },
    "esquery": {
      "version": "1.1.0",
      "resolved": "https://packages.atlassian.com/api/npm/npm-remote/esquery/-/esquery-1.1.0.tgz",
      "integrity": "sha1-xcC2bzg+dlZAT4azEzTXJSTt20g=",
      "dev": true,
      "requires": {
        "estraverse": "^4.0.0"
      }
    },
    "esrecurse": {
      "version": "4.2.1",
      "resolved": "https://packages.atlassian.com/api/npm/npm-remote/esrecurse/-/esrecurse-4.2.1.tgz",
      "integrity": "sha1-AHo7n9vCs7uH5IeeoZyS/b05Qs8=",
      "dev": true,
      "requires": {
        "estraverse": "^4.1.0"
      }
    },
    "estraverse": {
      "version": "4.3.0",
      "resolved": "https://packages.atlassian.com/api/npm/npm-remote/estraverse/-/estraverse-4.3.0.tgz",
      "integrity": "sha1-OYrT88WiSUi+dyXoPRGn3ijNvR0=",
      "dev": true
    },
    "esutils": {
      "version": "2.0.3",
      "resolved": "https://packages.atlassian.com/api/npm/npm-remote/esutils/-/esutils-2.0.3.tgz",
      "integrity": "sha1-dNLrTeC42hKTcRkQ1Qd1ubcQ72Q=",
      "dev": true
    },
    "external-editor": {
      "version": "3.1.0",
      "resolved": "https://packages.atlassian.com/api/npm/npm-remote/external-editor/-/external-editor-3.1.0.tgz",
      "integrity": "sha1-ywP3QL764D6k0oPK7SdBqD8zVJU=",
      "dev": true,
      "requires": {
        "chardet": "^0.7.0",
        "iconv-lite": "^0.4.24",
        "tmp": "^0.0.33"
      }
    },
    "fast-deep-equal": {
      "version": "3.1.1",
      "resolved": "https://packages.atlassian.com/api/npm/npm-remote/fast-deep-equal/-/fast-deep-equal-3.1.1.tgz",
      "integrity": "sha1-VFFFB3xQFJHjOxXsQIwpQ3bpSuQ=",
      "dev": true
    },
    "fast-json-stable-stringify": {
      "version": "2.1.0",
      "resolved": "https://packages.atlassian.com/api/npm/npm-remote/fast-json-stable-stringify/-/fast-json-stable-stringify-2.1.0.tgz",
      "integrity": "sha1-h0v2nG9ATCtdmcSBNBOZ/VWJJjM="
    },
    "fast-levenshtein": {
      "version": "2.0.6",
      "resolved": "https://packages.atlassian.com/api/npm/npm-remote/fast-levenshtein/-/fast-levenshtein-2.0.6.tgz",
      "integrity": "sha1-PYpcZog6FqMMqGQ+hR8Zuqd5eRc=",
      "dev": true
    },
    "figures": {
      "version": "3.2.0",
      "resolved": "https://packages.atlassian.com/api/npm/npm-remote/figures/-/figures-3.2.0.tgz",
      "integrity": "sha1-YlwYvSk8YE3EqN2y/r8MiDQXRq8=",
      "dev": true,
      "requires": {
        "escape-string-regexp": "^1.0.5"
      }
    },
    "file-entry-cache": {
      "version": "5.0.1",
      "resolved": "https://packages.atlassian.com/api/npm/npm-remote/file-entry-cache/-/file-entry-cache-5.0.1.tgz",
      "integrity": "sha1-yg9u+m3T1WEzP7FFFQZcL6/fQ5w=",
      "dev": true,
      "requires": {
        "flat-cache": "^2.0.1"
      }
    },
    "flat-cache": {
      "version": "2.0.1",
      "resolved": "https://packages.atlassian.com/api/npm/npm-remote/flat-cache/-/flat-cache-2.0.1.tgz",
      "integrity": "sha1-XSltbwS9pEpGMKMBQTvbwuwIXsA=",
      "dev": true,
      "requires": {
        "flatted": "^2.0.0",
        "rimraf": "2.6.3",
        "write": "1.0.3"
      }
    },
    "flatted": {
      "version": "2.0.1",
      "resolved": "https://packages.atlassian.com/api/npm/npm-remote/flatted/-/flatted-2.0.1.tgz",
      "integrity": "sha1-aeV8qo8OrLwoHS4stFjUb9tEngg=",
      "dev": true
    },
    "form-data": {
      "version": "3.0.1",
      "resolved": "https://packages.atlassian.com/api/npm/npm-remote/form-data/-/form-data-3.0.1.tgz",
      "integrity": "sha512-RHkBKtLWUVwd7SqRIvCZMEvAMoGUp0XU+seQiZejj0COz3RI3hWP4sCv3gZWWLjJTd7rGwcsF5eKZGii0r/hbg==",
      "requires": {
        "asynckit": "^0.4.0",
        "combined-stream": "^1.0.8",
        "mime-types": "^2.1.12"
      }
    },
    "fs.realpath": {
      "version": "1.0.0",
      "resolved": "https://packages.atlassian.com/api/npm/npm-remote/fs.realpath/-/fs.realpath-1.0.0.tgz",
      "integrity": "sha1-FQStJSMVjKpA20onh8sBQRmU6k8=",
      "dev": true
    },
    "functional-red-black-tree": {
      "version": "1.0.1",
      "resolved": "https://packages.atlassian.com/api/npm/npm-remote/functional-red-black-tree/-/functional-red-black-tree-1.0.1.tgz",
      "integrity": "sha1-GwqzvVU7Kg1jmdKcDj6gslIHgyc=",
      "dev": true
    },
    "glob": {
      "version": "7.1.6",
      "resolved": "https://packages.atlassian.com/api/npm/npm-remote/glob/-/glob-7.1.6.tgz",
      "integrity": "sha1-FB8zuBp8JJLhJVlDB0gMRmeSeKY=",
      "dev": true,
      "requires": {
        "fs.realpath": "^1.0.0",
        "inflight": "^1.0.4",
        "inherits": "2",
        "minimatch": "^3.0.4",
        "once": "^1.3.0",
        "path-is-absolute": "^1.0.0"
      }
    },
    "glob-parent": {
      "version": "5.1.0",
      "resolved": "https://packages.atlassian.com/api/npm/npm-remote/glob-parent/-/glob-parent-5.1.0.tgz",
      "integrity": "sha1-X0wdHnSNMM1zrSlEs1d6gbCB6MI=",
      "dev": true,
      "requires": {
        "is-glob": "^4.0.1"
      }
    },
    "globals": {
      "version": "12.4.0",
      "resolved": "https://packages.atlassian.com/api/npm/npm-remote/globals/-/globals-12.4.0.tgz",
      "integrity": "sha1-oYgTV2pBsAokqX5/gVkYwuGZJfg=",
      "dev": true,
      "requires": {
        "type-fest": "^0.8.1"
      }
    },
    "has-flag": {
      "version": "3.0.0",
      "resolved": "https://packages.atlassian.com/api/npm/npm-remote/has-flag/-/has-flag-3.0.0.tgz",
      "integrity": "sha1-tdRU3CGZriJWmfNGfloH87lVuv0=",
      "dev": true
    },
    "iconv-lite": {
      "version": "0.4.24",
      "resolved": "https://packages.atlassian.com/api/npm/npm-remote/iconv-lite/-/iconv-lite-0.4.24.tgz",
      "integrity": "sha1-ICK0sl+93CHS9SSXSkdKr+czkIs=",
      "dev": true,
      "requires": {
        "safer-buffer": ">= 2.1.2 < 3"
      }
    },
    "ignore": {
      "version": "4.0.6",
      "resolved": "https://packages.atlassian.com/api/npm/npm-remote/ignore/-/ignore-4.0.6.tgz",
      "integrity": "sha1-dQ49tYYgh7RzfrrIIH/9HvJ7Jfw=",
      "dev": true
    },
    "import-fresh": {
      "version": "3.2.1",
      "resolved": "https://packages.atlassian.com/api/npm/npm-remote/import-fresh/-/import-fresh-3.2.1.tgz",
      "integrity": "sha1-Yz/2GFBueTr1rJG/SLcmd+FcvmY=",
      "dev": true,
      "requires": {
        "parent-module": "^1.0.0",
        "resolve-from": "^4.0.0"
      }
    },
    "imurmurhash": {
      "version": "0.1.4",
      "resolved": "https://packages.atlassian.com/api/npm/npm-remote/imurmurhash/-/imurmurhash-0.1.4.tgz",
      "integrity": "sha1-khi5srkoojixPcT7a21XbyMUU+o=",
      "dev": true
    },
    "inflight": {
      "version": "1.0.6",
      "resolved": "https://packages.atlassian.com/api/npm/npm-remote/inflight/-/inflight-1.0.6.tgz",
      "integrity": "sha1-Sb1jMdfQLQwJvJEKEHW6gWW1bfk=",
      "dev": true,
      "requires": {
        "once": "^1.3.0",
        "wrappy": "1"
      }
    },
    "inherits": {
      "version": "2.0.4",
      "resolved": "https://packages.atlassian.com/api/npm/npm-remote/inherits/-/inherits-2.0.4.tgz",
      "integrity": "sha1-D6LGT5MpF8NDOg3tVTY6rjdBa3w="
    },
    "inquirer": {
      "version": "7.1.0",
      "resolved": "https://packages.atlassian.com/api/npm/npm-remote/inquirer/-/inquirer-7.1.0.tgz",
      "integrity": "sha1-EpigGFmIPhfHJkuChwrhA0+S3Sk=",
      "dev": true,
      "requires": {
        "ansi-escapes": "^4.2.1",
        "chalk": "^3.0.0",
        "cli-cursor": "^3.1.0",
        "cli-width": "^2.0.0",
        "external-editor": "^3.0.3",
        "figures": "^3.0.0",
        "lodash": "^4.17.15",
        "mute-stream": "0.0.8",
        "run-async": "^2.4.0",
        "rxjs": "^6.5.3",
        "string-width": "^4.1.0",
        "strip-ansi": "^6.0.0",
        "through": "^2.3.6"
      },
      "dependencies": {
        "ansi-regex": {
          "version": "5.0.0",
          "resolved": "https://packages.atlassian.com/api/npm/npm-remote/ansi-regex/-/ansi-regex-5.0.0.tgz",
          "integrity": "sha1-OIU59VF5vzkznIGvMKZU1p+Hy3U=",
          "dev": true
        },
        "ansi-styles": {
          "version": "4.2.1",
          "resolved": "https://packages.atlassian.com/api/npm/npm-remote/ansi-styles/-/ansi-styles-4.2.1.tgz",
          "integrity": "sha1-kK51xCTQCNJiTFvynq0xd+v881k=",
          "dev": true,
          "requires": {
            "@types/color-name": "^1.1.1",
            "color-convert": "^2.0.1"
          }
        },
        "chalk": {
          "version": "3.0.0",
          "resolved": "https://packages.atlassian.com/api/npm/npm-remote/chalk/-/chalk-3.0.0.tgz",
          "integrity": "sha1-P3PCv1JlkfV0zEksUeJFY0n4ROQ=",
          "dev": true,
          "requires": {
            "ansi-styles": "^4.1.0",
            "supports-color": "^7.1.0"
          }
        },
        "color-convert": {
          "version": "2.0.1",
          "resolved": "https://packages.atlassian.com/api/npm/npm-remote/color-convert/-/color-convert-2.0.1.tgz",
          "integrity": "sha1-ctOmjVmMm9s68q0ehPIdiWq9TeM=",
          "dev": true,
          "requires": {
            "color-name": "~1.1.4"
          }
        },
        "color-name": {
          "version": "1.1.4",
          "resolved": "https://packages.atlassian.com/api/npm/npm-remote/color-name/-/color-name-1.1.4.tgz",
          "integrity": "sha1-wqCah6y95pVD3m9j+jmVyCbFNqI=",
          "dev": true
        },
        "has-flag": {
          "version": "4.0.0",
          "resolved": "https://packages.atlassian.com/api/npm/npm-remote/has-flag/-/has-flag-4.0.0.tgz",
          "integrity": "sha1-lEdx/ZyByBJlxNaUGGDaBrtZR5s=",
          "dev": true
        },
        "is-fullwidth-code-point": {
          "version": "3.0.0",
          "resolved": "https://packages.atlassian.com/api/npm/npm-remote/is-fullwidth-code-point/-/is-fullwidth-code-point-3.0.0.tgz",
          "integrity": "sha1-8Rb4Bk/pCz94RKOJl8C3UFEmnx0=",
          "dev": true
        },
        "string-width": {
          "version": "4.2.0",
          "resolved": "https://packages.atlassian.com/api/npm/npm-remote/string-width/-/string-width-4.2.0.tgz",
          "integrity": "sha1-lSGCxGzHssMT0VluYjmSvRY7crU=",
          "dev": true,
          "requires": {
            "emoji-regex": "^8.0.0",
            "is-fullwidth-code-point": "^3.0.0",
            "strip-ansi": "^6.0.0"
          }
        },
        "strip-ansi": {
          "version": "6.0.0",
          "resolved": "https://packages.atlassian.com/api/npm/npm-remote/strip-ansi/-/strip-ansi-6.0.0.tgz",
          "integrity": "sha1-CxVx3XZpzNTz4G4U7x7tJiJa5TI=",
          "dev": true,
          "requires": {
            "ansi-regex": "^5.0.0"
          }
        },
        "supports-color": {
          "version": "7.1.0",
          "resolved": "https://packages.atlassian.com/api/npm/npm-remote/supports-color/-/supports-color-7.1.0.tgz",
          "integrity": "sha1-aOMlkd9z4lrRxLSRCKLsUHliv9E=",
          "dev": true,
          "requires": {
            "has-flag": "^4.0.0"
          }
        }
      }
    },
    "is-extglob": {
      "version": "2.1.1",
      "resolved": "https://packages.atlassian.com/api/npm/npm-remote/is-extglob/-/is-extglob-2.1.1.tgz",
      "integrity": "sha1-qIwCU1eR8C7TfHahueqXc8gz+MI=",
      "dev": true
    },
    "is-glob": {
      "version": "4.0.1",
      "resolved": "https://packages.atlassian.com/api/npm/npm-remote/is-glob/-/is-glob-4.0.1.tgz",
      "integrity": "sha1-dWfb6fL14kZ7x3q4PEopSCQHpdw=",
      "dev": true,
      "requires": {
        "is-extglob": "^2.1.1"
      }
    },
    "is-promise": {
      "version": "2.1.0",
      "resolved": "https://packages.atlassian.com/api/npm/npm-remote/is-promise/-/is-promise-2.1.0.tgz",
      "integrity": "sha1-eaKp7OfwlugPNtKy87wWwf9L8/o=",
      "dev": true
    },
    "isexe": {
      "version": "2.0.0",
      "resolved": "https://packages.atlassian.com/api/npm/npm-remote/isexe/-/isexe-2.0.0.tgz",
      "integrity": "sha1-6PvzdNxVb/iUehDcsFctYz8s+hA=",
      "dev": true
    },
    "js-tokens": {
      "version": "4.0.0",
      "resolved": "https://packages.atlassian.com/api/npm/npm-remote/js-tokens/-/js-tokens-4.0.0.tgz",
      "integrity": "sha1-GSA/tZmR35jjoocFDUZHzerzJJk=",
      "dev": true
    },
    "js-yaml": {
      "version": "3.13.1",
      "resolved": "https://packages.atlassian.com/api/npm/npm-remote/js-yaml/-/js-yaml-3.13.1.tgz",
      "integrity": "sha1-r/FRswv9+o5J4F2iLnQV6d+jeEc=",
      "dev": true,
      "requires": {
        "argparse": "^1.0.7",
        "esprima": "^4.0.0"
      }
    },
    "json-schema-traverse": {
      "version": "0.4.1",
      "resolved": "https://packages.atlassian.com/api/npm/npm-remote/json-schema-traverse/-/json-schema-traverse-0.4.1.tgz",
      "integrity": "sha1-afaofZUTq4u4/mO9sJecRI5oRmA=",
      "dev": true
    },
    "json-stable-stringify-without-jsonify": {
      "version": "1.0.1",
      "resolved": "https://packages.atlassian.com/api/npm/npm-remote/json-stable-stringify-without-jsonify/-/json-stable-stringify-without-jsonify-1.0.1.tgz",
      "integrity": "sha1-nbe1lJatPzz+8wp1FC0tkwrXJlE=",
      "dev": true
    },
    "levn": {
      "version": "0.3.0",
      "resolved": "https://packages.atlassian.com/api/npm/npm-remote/levn/-/levn-0.3.0.tgz",
      "integrity": "sha1-OwmSTt+fCDwEkP3UwLxEIeBHZO4=",
      "dev": true,
      "requires": {
        "prelude-ls": "~1.1.2",
        "type-check": "~0.3.2"
      }
    },
    "lodash": {
      "version": "4.17.20",
      "resolved": "https://registry.npmjs.org/lodash/-/lodash-4.17.20.tgz",
      "integrity": "sha512-PlhdFcillOINfeV7Ni6oF1TAEayyZBoZ8bcshTHqOYJYlrqzRK5hagpagky5o4HfCzzd1TRkXPMFq6cKk9rGmA==",
      "dev": true
    },
    "mime-db": {
      "version": "1.51.0",
      "resolved": "https://packages.atlassian.com/api/npm/npm-remote/mime-db/-/mime-db-1.51.0.tgz",
      "integrity": "sha512-5y8A56jg7XVQx2mbv1lu49NR4dokRnhZYTtL+KGfaa27uq4pSTXkwQkFJl4pkRMyNFz/EtYDSkiiEHx3F7UN6g=="
    },
    "mime-types": {
      "version": "2.1.34",
      "resolved": "https://packages.atlassian.com/api/npm/npm-remote/mime-types/-/mime-types-2.1.34.tgz",
      "integrity": "sha512-6cP692WwGIs9XXdOO4++N+7qjqv0rqxxVvJ3VHPh/Sc9mVZcQP+ZGhkKiTvWMQRr2tbHkJP/Yn7Y0npb3ZBs4A==",
      "requires": {
        "mime-db": "1.51.0"
      }
    },
    "mimic-fn": {
      "version": "2.1.0",
      "resolved": "https://packages.atlassian.com/api/npm/npm-remote/mimic-fn/-/mimic-fn-2.1.0.tgz",
      "integrity": "sha1-ftLCzMyvhNP/y3pptXcR/CCDQBs=",
      "dev": true
    },
    "minimatch": {
      "version": "3.0.4",
      "resolved": "https://packages.atlassian.com/api/npm/npm-remote/minimatch/-/minimatch-3.0.4.tgz",
      "integrity": "sha1-UWbihkV/AzBgZL5Ul+jbsMPTIIM=",
      "dev": true,
      "requires": {
        "brace-expansion": "^1.1.7"
      }
    },
    "minimist": {
      "version": "1.2.5",
      "resolved": "https://registry.npmjs.org/minimist/-/minimist-1.2.5.tgz",
      "integrity": "sha512-FM9nNUYrRBAELZQT3xeZQ7fmMOBg6nWNmJKTcgsJeaLstP/UODVpGsr5OhXhhXg6f+qtJ8uiZ+PUxkDWcgIXLw==",
      "dev": true
    },
    "mkdirp": {
      "version": "0.5.5",
      "resolved": "https://registry.npmjs.org/mkdirp/-/mkdirp-0.5.5.tgz",
      "integrity": "sha512-NKmAlESf6jMGym1++R0Ra7wvhV+wFW63FaSOFPwRahvea0gMUcGUhVeAg/0BC0wiv9ih5NYPB1Wn1UEI1/L+xQ==",
      "dev": true,
      "requires": {
        "minimist": "^1.2.5"
      }
    },
    "ms": {
      "version": "2.1.2",
      "resolved": "https://packages.atlassian.com/api/npm/npm-remote/ms/-/ms-2.1.2.tgz",
      "integrity": "sha1-0J0fNXtEP0kzgqjrPM0YOHKuYAk=",
      "dev": true
    },
    "mute-stream": {
      "version": "0.0.8",
      "resolved": "https://packages.atlassian.com/api/npm/npm-remote/mute-stream/-/mute-stream-0.0.8.tgz",
      "integrity": "sha1-FjDEKyJR/4HiooPelqVJfqkuXg0=",
      "dev": true
    },
    "natural-compare": {
      "version": "1.4.0",
      "resolved": "https://packages.atlassian.com/api/npm/npm-remote/natural-compare/-/natural-compare-1.4.0.tgz",
      "integrity": "sha1-Sr6/7tdUHywnrPspvbvRXI1bpPc=",
      "dev": true
    },
    "nice-try": {
      "version": "1.0.5",
      "resolved": "https://packages.atlassian.com/api/npm/npm-remote/nice-try/-/nice-try-1.0.5.tgz",
      "integrity": "sha1-ozeKdpbOfSI+iPybdkvX7xCJ42Y=",
      "dev": true
    },
    "node-fetch": {
      "version": "2.6.7",
      "resolved": "https://packages.atlassian.com/api/npm/npm-remote/node-fetch/-/node-fetch-2.6.7.tgz",
      "integrity": "sha512-ZjMPFEfVx5j+y2yF35Kzx5sF7kDzxuDj6ziH4FFbOp87zKDZNx8yExJIb05OGF4Nlt9IHFIMBkRl41VdvcNdbQ==",
      "requires": {
        "whatwg-url": "^5.0.0"
      }
    },
    "once": {
      "version": "1.4.0",
      "resolved": "https://packages.atlassian.com/api/npm/npm-remote/once/-/once-1.4.0.tgz",
      "integrity": "sha1-WDsap3WWHUsROsF9nFC6753Xa9E=",
      "dev": true,
      "requires": {
        "wrappy": "1"
      }
    },
    "onetime": {
      "version": "5.1.0",
      "resolved": "https://packages.atlassian.com/api/npm/npm-remote/onetime/-/onetime-5.1.0.tgz",
      "integrity": "sha1-//DzyRYX/mK7UBiWNumayKbfe+U=",
      "dev": true,
      "requires": {
        "mimic-fn": "^2.1.0"
      }
    },
    "optionator": {
      "version": "0.8.3",
      "resolved": "https://packages.atlassian.com/api/npm/npm-remote/optionator/-/optionator-0.8.3.tgz",
      "integrity": "sha1-hPodA2/p08fiHZmIS2ARZ+yPtJU=",
      "dev": true,
      "requires": {
        "deep-is": "~0.1.3",
        "fast-levenshtein": "~2.0.6",
        "levn": "~0.3.0",
        "prelude-ls": "~1.1.2",
        "type-check": "~0.3.2",
        "word-wrap": "~1.2.3"
      }
    },
    "os-tmpdir": {
      "version": "1.0.2",
      "resolved": "https://packages.atlassian.com/api/npm/npm-remote/os-tmpdir/-/os-tmpdir-1.0.2.tgz",
      "integrity": "sha1-u+Z0BseaqFxc/sdm/lc0VV36EnQ=",
      "dev": true
    },
    "parent-module": {
      "version": "1.0.1",
      "resolved": "https://packages.atlassian.com/api/npm/npm-remote/parent-module/-/parent-module-1.0.1.tgz",
      "integrity": "sha1-aR0nCeeMefrjoVZiJFLQB2LKqqI=",
      "dev": true,
      "requires": {
        "callsites": "^3.0.0"
      }
    },
    "path-is-absolute": {
      "version": "1.0.1",
      "resolved": "https://packages.atlassian.com/api/npm/npm-remote/path-is-absolute/-/path-is-absolute-1.0.1.tgz",
      "integrity": "sha1-F0uSaHNVNP+8es5r9TpanhtcX18=",
      "dev": true
    },
    "path-key": {
      "version": "2.0.1",
      "resolved": "https://packages.atlassian.com/api/npm/npm-remote/path-key/-/path-key-2.0.1.tgz",
      "integrity": "sha1-QRyttXTFoUDTpLGRDUDYDMn0C0A=",
      "dev": true
    },
    "prelude-ls": {
      "version": "1.1.2",
      "resolved": "https://packages.atlassian.com/api/npm/npm-remote/prelude-ls/-/prelude-ls-1.1.2.tgz",
      "integrity": "sha1-IZMqVJ9eUv/ZqCf1cOBL5iqX2lQ=",
      "dev": true
    },
    "progress": {
      "version": "2.0.3",
      "resolved": "https://packages.atlassian.com/api/npm/npm-remote/progress/-/progress-2.0.3.tgz",
      "integrity": "sha1-foz42PW48jnBvGi+tOt4Vn1XLvg=",
      "dev": true
    },
    "punycode": {
      "version": "2.1.1",
      "resolved": "https://packages.atlassian.com/api/npm/npm-remote/punycode/-/punycode-2.1.1.tgz",
      "integrity": "sha1-tYsBCsQMIsVldhbI0sLALHv0eew=",
      "dev": true
    },
    "regexpp": {
      "version": "2.0.1",
      "resolved": "https://packages.atlassian.com/api/npm/npm-remote/regexpp/-/regexpp-2.0.1.tgz",
      "integrity": "sha1-jRnTHPYySCtYkEn4KB+T28uk0H8=",
      "dev": true
    },
    "resolve-from": {
      "version": "4.0.0",
      "resolved": "https://packages.atlassian.com/api/npm/npm-remote/resolve-from/-/resolve-from-4.0.0.tgz",
      "integrity": "sha1-SrzYUq0y3Xuqv+m0DgCjbbXzkuY=",
      "dev": true
    },
    "restore-cursor": {
      "version": "3.1.0",
      "resolved": "https://packages.atlassian.com/api/npm/npm-remote/restore-cursor/-/restore-cursor-3.1.0.tgz",
      "integrity": "sha1-OfZ8VLOnpYzqUjbZXPADQjljH34=",
      "dev": true,
      "requires": {
        "onetime": "^5.1.0",
        "signal-exit": "^3.0.2"
      }
    },
    "rimraf": {
      "version": "2.6.3",
      "resolved": "https://packages.atlassian.com/api/npm/npm-remote/rimraf/-/rimraf-2.6.3.tgz",
      "integrity": "sha1-stEE/g2Psnz54KHNqCYt04M8bKs=",
      "dev": true,
      "requires": {
        "glob": "^7.1.3"
      }
    },
    "run-async": {
      "version": "2.4.0",
      "resolved": "https://packages.atlassian.com/api/npm/npm-remote/run-async/-/run-async-2.4.0.tgz",
      "integrity": "sha1-5ZBUpbhods+uB/Qx0Yy63cWU8eg=",
      "dev": true,
      "requires": {
        "is-promise": "^2.1.0"
      }
    },
    "rxjs": {
      "version": "6.5.4",
      "resolved": "https://packages.atlassian.com/api/npm/npm-remote/rxjs/-/rxjs-6.5.4.tgz",
      "integrity": "sha1-4Hd/4NGEzseHLfFH8wNXLUFOIRw=",
      "dev": true,
      "requires": {
        "tslib": "^1.9.0"
      }
    },
    "safe-buffer": {
      "version": "5.2.1",
      "resolved": "https://packages.atlassian.com/api/npm/npm-remote/safe-buffer/-/safe-buffer-5.2.1.tgz",
      "integrity": "sha512-rp3So07KcdmmKbGvgaNxQSJr7bGVSVk5S9Eq1F+ppbRo70+YeaDxkw5Dd8NPN+GD6bjnYm2VuPuCXmpuYvmCXQ=="
    },
    "safer-buffer": {
      "version": "2.1.2",
      "resolved": "https://packages.atlassian.com/api/npm/npm-remote/safer-buffer/-/safer-buffer-2.1.2.tgz",
      "integrity": "sha1-RPoWGwGHuVSd2Eu5GAL5vYOFzWo=",
      "dev": true
    },
    "semver": {
      "version": "5.7.1",
      "resolved": "https://packages.atlassian.com/api/npm/npm-remote/semver/-/semver-5.7.1.tgz",
      "integrity": "sha1-qVT5Ma66UI0we78Gnv8MAclhFvc=",
      "dev": true
    },
    "sha.js": {
      "version": "2.4.11",
      "resolved": "https://packages.atlassian.com/api/npm/npm-remote/sha.js/-/sha.js-2.4.11.tgz",
      "integrity": "sha512-QMEp5B7cftE7APOjk5Y6xgrbWu+WkLVQwk8JNjZ8nKRciZaByEW6MubieAiToS7+dwvrjGhH8jRXz3MVd0AYqQ==",
      "requires": {
        "inherits": "^2.0.1",
        "safe-buffer": "^5.0.1"
      }
    },
    "shebang-command": {
      "version": "1.2.0",
      "resolved": "https://packages.atlassian.com/api/npm/npm-remote/shebang-command/-/shebang-command-1.2.0.tgz",
      "integrity": "sha1-RKrGW2lbAzmJaMOfNj/uXer98eo=",
      "dev": true,
      "requires": {
        "shebang-regex": "^1.0.0"
      }
    },
    "shebang-regex": {
      "version": "1.0.0",
      "resolved": "https://packages.atlassian.com/api/npm/npm-remote/shebang-regex/-/shebang-regex-1.0.0.tgz",
      "integrity": "sha1-2kL0l0DAtC2yypcoVxyxkMmO/qM=",
      "dev": true
    },
    "signal-exit": {
      "version": "3.0.2",
      "resolved": "https://packages.atlassian.com/api/npm/npm-remote/signal-exit/-/signal-exit-3.0.2.tgz",
      "integrity": "sha1-tf3AjxKH6hF4Yo5BXiUTK3NkbG0=",
      "dev": true
    },
    "slice-ansi": {
      "version": "2.1.0",
      "resolved": "https://packages.atlassian.com/api/npm/npm-remote/slice-ansi/-/slice-ansi-2.1.0.tgz",
      "integrity": "sha1-ys12k0YaY3pXiNkqfdT7oGjoFjY=",
      "dev": true,
      "requires": {
        "ansi-styles": "^3.2.0",
        "astral-regex": "^1.0.0",
        "is-fullwidth-code-point": "^2.0.0"
      },
      "dependencies": {
        "is-fullwidth-code-point": {
          "version": "2.0.0",
          "resolved": "https://packages.atlassian.com/api/npm/npm-remote/is-fullwidth-code-point/-/is-fullwidth-code-point-2.0.0.tgz",
          "integrity": "sha1-o7MKXE8ZkYMWeqq5O+764937ZU8=",
          "dev": true
        }
      }
    },
    "sprintf-js": {
      "version": "1.0.3",
      "resolved": "https://packages.atlassian.com/api/npm/npm-remote/sprintf-js/-/sprintf-js-1.0.3.tgz",
      "integrity": "sha1-BOaSb2YolTVPPdAVIDYzuFcpfiw=",
      "dev": true
    },
    "supports-color": {
      "version": "5.5.0",
      "resolved": "https://packages.atlassian.com/api/npm/npm-remote/supports-color/-/supports-color-5.5.0.tgz",
      "integrity": "sha1-4uaaRKyHcveKHsCzW2id9lMO/I8=",
      "dev": true,
      "requires": {
        "has-flag": "^3.0.0"
      }
    },
    "table": {
      "version": "5.4.6",
      "resolved": "https://packages.atlassian.com/api/npm/npm-remote/table/-/table-5.4.6.tgz",
      "integrity": "sha1-EpLRlQDOP4YFOwXw6Ofko7shB54=",
      "dev": true,
      "requires": {
        "ajv": "^6.10.2",
        "lodash": "^4.17.14",
        "slice-ansi": "^2.1.0",
        "string-width": "^3.0.0"
      },
      "dependencies": {
        "ansi-regex": {
          "version": "4.1.0",
          "resolved": "https://packages.atlassian.com/api/npm/npm-remote/ansi-regex/-/ansi-regex-4.1.0.tgz",
          "integrity": "sha1-i5+PCM8ay4Q3Vqg5yox+MWjFGZc=",
          "dev": true
        },
        "emoji-regex": {
          "version": "7.0.3",
          "resolved": "https://packages.atlassian.com/api/npm/npm-remote/emoji-regex/-/emoji-regex-7.0.3.tgz",
          "integrity": "sha1-kzoEBShgyF6DwSJHnEdIqOTHIVY=",
          "dev": true
        },
        "is-fullwidth-code-point": {
          "version": "2.0.0",
          "resolved": "https://packages.atlassian.com/api/npm/npm-remote/is-fullwidth-code-point/-/is-fullwidth-code-point-2.0.0.tgz",
          "integrity": "sha1-o7MKXE8ZkYMWeqq5O+764937ZU8=",
          "dev": true
        },
        "string-width": {
          "version": "3.1.0",
          "resolved": "https://packages.atlassian.com/api/npm/npm-remote/string-width/-/string-width-3.1.0.tgz",
          "integrity": "sha1-InZ74htirxCBV0MG9prFG2IgOWE=",
          "dev": true,
          "requires": {
            "emoji-regex": "^7.0.1",
            "is-fullwidth-code-point": "^2.0.0",
            "strip-ansi": "^5.1.0"
          }
        },
        "strip-ansi": {
          "version": "5.2.0",
          "resolved": "https://packages.atlassian.com/api/npm/npm-remote/strip-ansi/-/strip-ansi-5.2.0.tgz",
          "integrity": "sha1-jJpTb+tq/JYr36WxBKUJHBrZwK4=",
          "dev": true,
          "requires": {
            "ansi-regex": "^4.1.0"
          }
        }
      }
    },
    "text-table": {
      "version": "0.2.0",
      "resolved": "https://packages.atlassian.com/api/npm/npm-remote/text-table/-/text-table-0.2.0.tgz",
      "integrity": "sha1-f17oI66AUgfACvLfSoTsP8+lcLQ=",
      "dev": true
    },
    "through": {
      "version": "2.3.8",
      "resolved": "https://packages.atlassian.com/api/npm/npm-remote/through/-/through-2.3.8.tgz",
      "integrity": "sha1-DdTJ/6q8NXlgsbckEV1+Doai4fU=",
      "dev": true
    },
    "tmp": {
      "version": "0.0.33",
      "resolved": "https://packages.atlassian.com/api/npm/npm-remote/tmp/-/tmp-0.0.33.tgz",
      "integrity": "sha1-bTQzWIl2jSGyvNoKonfO07G/rfk=",
      "dev": true,
      "requires": {
        "os-tmpdir": "~1.0.2"
      }
    },
    "tr46": {
      "version": "0.0.3",
      "resolved": "https://packages.atlassian.com/api/npm/npm-remote/tr46/-/tr46-0.0.3.tgz",
      "integrity": "sha1-gYT9NH2snNwYWZLzpmIuFLnZq2o="
    },
    "tslib": {
      "version": "1.11.1",
      "resolved": "https://packages.atlassian.com/api/npm/npm-remote/tslib/-/tslib-1.11.1.tgz",
      "integrity": "sha1-6xXRKIJ/vuKEFUnhcfRe0zisfjU="
    },
    "type-check": {
      "version": "0.3.2",
      "resolved": "https://packages.atlassian.com/api/npm/npm-remote/type-check/-/type-check-0.3.2.tgz",
      "integrity": "sha1-WITKtRLPHTVeP7eE8wgEsrUg23I=",
      "dev": true,
      "requires": {
        "prelude-ls": "~1.1.2"
      }
    },
    "type-fest": {
      "version": "0.8.1",
      "resolved": "https://packages.atlassian.com/api/npm/npm-remote/type-fest/-/type-fest-0.8.1.tgz",
      "integrity": "sha1-CeJJ696FHTseSNJ8EFREZn8XuD0=",
      "dev": true
    },
    "uri-js": {
      "version": "4.2.2",
      "resolved": "https://packages.atlassian.com/api/npm/npm-remote/uri-js/-/uri-js-4.2.2.tgz",
      "integrity": "sha1-lMVA4f93KVbiKZUHwBCupsiDjrA=",
      "dev": true,
      "requires": {
        "punycode": "^2.1.0"
      }
    },
    "v8-compile-cache": {
      "version": "2.1.0",
      "resolved": "https://packages.atlassian.com/api/npm/npm-remote/v8-compile-cache/-/v8-compile-cache-2.1.0.tgz",
      "integrity": "sha1-4U3jezGm0ZT1aQ1n78Tn9vxqsw4=",
      "dev": true
    },
    "webidl-conversions": {
      "version": "3.0.1",
      "resolved": "https://packages.atlassian.com/api/npm/npm-remote/webidl-conversions/-/webidl-conversions-3.0.1.tgz",
      "integrity": "sha1-JFNCdeKnvGvnvIZhHMFq4KVlSHE="
    },
    "whatwg-url": {
      "version": "5.0.0",
      "resolved": "https://packages.atlassian.com/api/npm/npm-remote/whatwg-url/-/whatwg-url-5.0.0.tgz",
      "integrity": "sha1-lmRU6HZUYuN2RNNib2dCzotwll0=",
      "requires": {
        "tr46": "~0.0.3",
        "webidl-conversions": "^3.0.0"
      }
    },
    "which": {
      "version": "1.3.1",
      "resolved": "https://packages.atlassian.com/api/npm/npm-remote/which/-/which-1.3.1.tgz",
      "integrity": "sha1-pFBD1U9YBTFtqNYvn1CRjT2nCwo=",
      "dev": true,
      "requires": {
        "isexe": "^2.0.0"
      }
    },
    "word-wrap": {
      "version": "1.2.3",
      "resolved": "https://packages.atlassian.com/api/npm/npm-remote/word-wrap/-/word-wrap-1.2.3.tgz",
      "integrity": "sha1-YQY29rH3A4kb00dxzLF/uTtHB5w=",
      "dev": true
    },
    "wrappy": {
      "version": "1.0.2",
      "resolved": "https://packages.atlassian.com/api/npm/npm-remote/wrappy/-/wrappy-1.0.2.tgz",
      "integrity": "sha1-tSQ9jz7BqjXxNkYFvA0QNuMKtp8=",
      "dev": true
    },
    "write": {
      "version": "1.0.3",
      "resolved": "https://packages.atlassian.com/api/npm/npm-remote/write/-/write-1.0.3.tgz",
      "integrity": "sha1-CADhRSO5I6OH5BUSPIZWFqrg9cM=",
      "dev": true,
      "requires": {
        "mkdirp": "^0.5.1"
      }
    }
  }
}
